
Microsoft Visual Studio Solution File, Format Version 12.00
# Visual Studio Version 17
VisualStudioVersion = 17.2.32422.2
MinimumVisualStudioVersion = 10.0.40219.1
Project("{FAE04EC0-301F-11D3-BF4B-00C04F79EFBC}") = "CompilerProject", "CompilerProject\CompilerProject.csproj", "{BAB361AC-7879-4B5D-BCBA-D48B9EC5A3F6}"
EndProject
Global
	GlobalSection(SolutionConfigurationPlatforms) = preSolution
		Debug|Any CPU = Debug|Any CPU
		Release|Any CPU = Release|Any CPU
	EndGlobalSection
	GlobalSection(ProjectConfigurationPlatforms) = postSolution
		{BAB361AC-7879-4B5D-BCBA-D48B9EC5A3F6}.Debug|Any CPU.ActiveCfg = Debug|Any CPU
		{BAB361AC-7879-4B5D-BCBA-D48B9EC5A3F6}.Debug|Any CPU.Build.0 = Debug|Any CPU
		{BAB361AC-7879-4B5D-BCBA-D48B9EC5A3F6}.Release|Any CPU.ActiveCfg = Release|Any CPU
		{BAB361AC-7879-4B5D-BCBA-D48B9EC5A3F6}.Release|Any CPU.Build.0 = Release|Any CPU
	EndGlobalSection
	GlobalSection(SolutionProperties) = preSolution
		HideSolutionNode = FALSE
	EndGlobalSection
	GlobalSection(ExtensibilityGlobals) = postSolution
		SolutionGuid = {B60A266D-44FC-4A4C-9886-1440DF5187DA}
	EndGlobalSection
EndGlobal
